
Microsoft Visual Studio Solution File, Format Version 12.00
# Visual Studio 15
VisualStudioVersion = 15.0.27703.2026
MinimumVisualStudioVersion = 10.0.40219.1
Project("{FAE04EC0-301F-11D3-BF4B-00C04F79EFBC}") = "HotelManagementSystem.UI", "HotelManagementSystem.UI\HotelManagementSystem.UI.csproj", "{4EB6DB75-ECD2-4007-8BCB-4A9740B7A316}"
EndProject
Project("{FAE04EC0-301F-11D3-BF4B-00C04F79EFBC}") = "HotelManagementSystem.Core", "HotelManagementSystem.Core\HotelManagementSystem.Core.csproj", "{D6498E29-96D4-4AE8-A56F-1873AA3E2950}"
EndProject
Global
	GlobalSection(SolutionConfigurationPlatforms) = preSolution
		Debug|Any CPU = Debug|Any CPU
		Release|Any CPU = Release|Any CPU
	EndGlobalSection
	GlobalSection(ProjectConfigurationPlatforms) = postSolution
		{4EB6DB75-ECD2-4007-8BCB-4A9740B7A316}.Debug|Any CPU.ActiveCfg = Debug|Any CPU
		{4EB6DB75-ECD2-4007-8BCB-4A9740B7A316}.Debug|Any CPU.Build.0 = Debug|Any CPU
		{4EB6DB75-ECD2-4007-8BCB-4A9740B7A316}.Release|Any CPU.ActiveCfg = Release|Any CPU
		{4EB6DB75-ECD2-4007-8BCB-4A9740B7A316}.Release|Any CPU.Build.0 = Release|Any CPU
		{D6498E29-96D4-4AE8-A56F-1873AA3E2950}.Debug|Any CPU.ActiveCfg = Debug|Any CPU
		{D6498E29-96D4-4AE8-A56F-1873AA3E2950}.Debug|Any CPU.Build.0 = Debug|Any CPU
		{D6498E29-96D4-4AE8-A56F-1873AA3E2950}.Release|Any CPU.ActiveCfg = Release|Any CPU
		{D6498E29-96D4-4AE8-A56F-1873AA3E2950}.Release|Any CPU.Build.0 = Release|Any CPU
	EndGlobalSection
	GlobalSection(SolutionProperties) = preSolution
		HideSolutionNode = FALSE
	EndGlobalSection
	GlobalSection(ExtensibilityGlobals) = postSolution
		SolutionGuid = {47372F0B-58C8-4398-8586-324EF67CF88A}
	EndGlobalSection
EndGlobal
